
Microsoft Visual Studio Solution File, Format Version 12.00
# Visual Studio Version 16
VisualStudioVersion = 16.0.31515.178
MinimumVisualStudioVersion = 10.0.40219.1
Project("{FAE04EC0-301F-11D3-BF4B-00C04F79EFBC}") = "Collections", "Collections\Collections.csproj", "{B4D4E70E-42BB-4C7F-A262-276479419A81}"
EndProject
Global
	GlobalSection(SolutionConfigurationPlatforms) = preSolution
		Debug|Any CPU = Debug|Any CPU
		Release|Any CPU = Release|Any CPU
	EndGlobalSection
	GlobalSection(ProjectConfigurationPlatforms) = postSolution
		{B4D4E70E-42BB-4C7F-A262-276479419A81}.Debug|Any CPU.ActiveCfg = Debug|Any CPU
		{B4D4E70E-42BB-4C7F-A262-276479419A81}.Debug|Any CPU.Build.0 = Debug|Any CPU
		{B4D4E70E-42BB-4C7F-A262-276479419A81}.Release|Any CPU.ActiveCfg = Release|Any CPU
		{B4D4E70E-42BB-4C7F-A262-276479419A81}.Release|Any CPU.Build.0 = Release|Any CPU
	EndGlobalSection
	GlobalSection(SolutionProperties) = preSolution
		HideSolutionNode = FALSE
	EndGlobalSection
	GlobalSection(ExtensibilityGlobals) = postSolution
		SolutionGuid = {9E594B6B-03A5-4994-A5EB-A95C606EA598}
	EndGlobalSection
EndGlobal
